{
  "name": "@lettenj61-examples/hello-actions",
  "version": "0.2.0",
  "lockfileVersion": 3,
  "requires": true,
  "packages": {
    "": {
      "name": "@lettenj61-examples/hello-actions",
      "version": "0.2.0",
      "license": "CC-BY-4.0",
      "workspaces": [
        "packages/feature-xxx",
        "packages/feature-yyy"
      ]
    },
    "node_modules/feature-xxx": {
      "resolved": "packages/feature-xxx",
      "link": true
    },
    "node_modules/feature-yyy": {
      "resolved": "packages/feature-yyy",
      "link": true
    },
    "packages/feature-xxx": {
      "version": "1.0.0",
      "license": "ISC"
    },
    "packages/feature-yyy": {
      "version": "1.0.0",
      "license": "ISC",
      "devDependencies": {}
    }
  }
}
